
Microsoft Visual Studio Solution File, Format Version 12.00
# Visual Studio Version 17
VisualStudioVersion = 17.14.36221.1 d17.14
MinimumVisualStudioVersion = 10.0.40219.1
Project("{FAE04EC0-301F-11D3-BF4B-00C04F79EFBC}") = "Presentacion", "Catalogo de Comercio\Presentacion.csproj", "{E709E771-5855-434E-B94A-186D723CD2CA}"
EndProject
Project("{FAE04EC0-301F-11D3-BF4B-00C04F79EFBC}") = "Dominio", "Dominio\Dominio.csproj", "{80F63D49-3DB8-412C-B306-308EEAAFDD4F}"
EndProject
Project("{FAE04EC0-301F-11D3-BF4B-00C04F79EFBC}") = "Negocio", "Negocio\Negocio.csproj", "{C4627989-C609-4E37-B277-F59895A3A411}"
EndProject
Global
	GlobalSection(SolutionConfigurationPlatforms) = preSolution
		Debug|Any CPU = Debug|Any CPU
		Release|Any CPU = Release|Any CPU
	EndGlobalSection
	GlobalSection(ProjectConfigurationPlatforms) = postSolution
		{E709E771-5855-434E-B94A-186D723CD2CA}.Debug|Any CPU.ActiveCfg = Debug|Any CPU
		{E709E771-5855-434E-B94A-186D723CD2CA}.Debug|Any CPU.Build.0 = Debug|Any CPU
		{E709E771-5855-434E-B94A-186D723CD2CA}.Release|Any CPU.ActiveCfg = Release|Any CPU
		{E709E771-5855-434E-B94A-186D723CD2CA}.Release|Any CPU.Build.0 = Release|Any CPU
		{80F63D49-3DB8-412C-B306-308EEAAFDD4F}.Debug|Any CPU.ActiveCfg = Debug|Any CPU
		{80F63D49-3DB8-412C-B306-308EEAAFDD4F}.Debug|Any CPU.Build.0 = Debug|Any CPU
		{80F63D49-3DB8-412C-B306-308EEAAFDD4F}.Release|Any CPU.ActiveCfg = Release|Any CPU
		{80F63D49-3DB8-412C-B306-308EEAAFDD4F}.Release|Any CPU.Build.0 = Release|Any CPU
		{C4627989-C609-4E37-B277-F59895A3A411}.Debug|Any CPU.ActiveCfg = Debug|Any CPU
		{C4627989-C609-4E37-B277-F59895A3A411}.Debug|Any CPU.Build.0 = Debug|Any CPU
		{C4627989-C609-4E37-B277-F59895A3A411}.Release|Any CPU.ActiveCfg = Release|Any CPU
		{C4627989-C609-4E37-B277-F59895A3A411}.Release|Any CPU.Build.0 = Release|Any CPU
	EndGlobalSection
	GlobalSection(SolutionProperties) = preSolution
		HideSolutionNode = FALSE
	EndGlobalSection
	GlobalSection(ExtensibilityGlobals) = postSolution
		SolutionGuid = {6F135D22-CCBF-411D-AECC-D5253834A4BC}
	EndGlobalSection
EndGlobal
